
Microsoft Visual Studio Solution File, Format Version 12.00
# Visual Studio Version 16
VisualStudioVersion = 16.0.32510.428
MinimumVisualStudioVersion = 10.0.40219.1
Project("{FAE04EC0-301F-11D3-BF4B-00C04F79EFBC}") = "DemoFunctionApp", "DemoFunctionApp\DemoFunctionApp.csproj", "{0408389D-8FED-4342-85F2-6326FA7EE0D0}"
EndProject
Global
	GlobalSection(SolutionConfigurationPlatforms) = preSolution
		Debug|Any CPU = Debug|Any CPU
		Release|Any CPU = Release|Any CPU
	EndGlobalSection
	GlobalSection(ProjectConfigurationPlatforms) = postSolution
		{0408389D-8FED-4342-85F2-6326FA7EE0D0}.Debug|Any CPU.ActiveCfg = Debug|Any CPU
		{0408389D-8FED-4342-85F2-6326FA7EE0D0}.Debug|Any CPU.Build.0 = Debug|Any CPU
		{0408389D-8FED-4342-85F2-6326FA7EE0D0}.Release|Any CPU.ActiveCfg = Release|Any CPU
		{0408389D-8FED-4342-85F2-6326FA7EE0D0}.Release|Any CPU.Build.0 = Release|Any CPU
	EndGlobalSection
	GlobalSection(SolutionProperties) = preSolution
		HideSolutionNode = FALSE
	EndGlobalSection
	GlobalSection(ExtensibilityGlobals) = postSolution
		SolutionGuid = {3D1F2AE0-2BFF-43E2-A318-E72C48B217AE}
	EndGlobalSection
EndGlobal
