
Microsoft Visual Studio Solution File, Format Version 12.00
# Visual Studio Version 16
VisualStudioVersion = 16.0.32510.428
MinimumVisualStudioVersion = 10.0.40219.1
Project("{FAE04EC0-301F-11D3-BF4B-00C04F79EFBC}") = "EcommerceAPI", "EcommerceAPI\EcommerceAPI.csproj", "{D8B8B217-BF1B-4E79-9712-90B7968ECD11}"
EndProject
Global
	GlobalSection(SolutionConfigurationPlatforms) = preSolution
		Debug|Any CPU = Debug|Any CPU
		Release|Any CPU = Release|Any CPU
	EndGlobalSection
	GlobalSection(ProjectConfigurationPlatforms) = postSolution
		{D8B8B217-BF1B-4E79-9712-90B7968ECD11}.Debug|Any CPU.ActiveCfg = Debug|Any CPU
		{D8B8B217-BF1B-4E79-9712-90B7968ECD11}.Debug|Any CPU.Build.0 = Debug|Any CPU
		{D8B8B217-BF1B-4E79-9712-90B7968ECD11}.Release|Any CPU.ActiveCfg = Release|Any CPU
		{D8B8B217-BF1B-4E79-9712-90B7968ECD11}.Release|Any CPU.Build.0 = Release|Any CPU
	EndGlobalSection
	GlobalSection(SolutionProperties) = preSolution
		HideSolutionNode = FALSE
	EndGlobalSection
	GlobalSection(ExtensibilityGlobals) = postSolution
		SolutionGuid = {F82617AA-2014-42C7-A643-7C0DBCA1EFD1}
	EndGlobalSection
EndGlobal
